lockfileVersion: '9.0'

settings:
  autoInstallPeers: true
  excludeLinksFromLockfile: false

importers:

  .:
    dependencies:
      '@modelcontextprotocol/server':
        specifier: ^2.0.0
        version: 2.0.0
      mcp-handler:
        specifier: 2.1.1
        version: 2.1.1(@modelcontextprotocol/server@2.0.0)
      zod:
        specifier: ^4.6.5
        version: 4.6.5
    devDependencies:
      '@types/node':
        specifier: ^24.13.6
        version: 24.13.6
      typescript:
        specifier: ^5.9.3
        version: 5.9.3

packages:

  '@modelcontextprotocol/core@2.0.0':
    resolution: {integrity: sha512-pJCEwGG7Lfr/+PQp9ZTwKXNeO5wzbfKL7H3MYpCorM4oFBoQrdjnBgEoqG+RjhsvS1FKrDbKux+M1HhlnGWqcA==}
    engines: {node: '>=20'}

  '@modelcontextprotocol/server@2.0.0':
    resolution: {integrity: sha512-YhHWdHfpFMQfd0prsEnxKeS3Qz3ytIGmsS0sth4KDjnacIT7hxk6hXHkJ9KysxlkvTM+WZAtQbbcUhdoP4Hvtw==}
    engines: {node: '>=20'}

  '@types/node@24.13.6':
    resolution: {integrity: sha512-SGrw/h3KPFshy3OE6ZL53LMBG5vGQQ8/gIpiqz/kRZhPJ7HgwCEs8LBuNtWLa8dvGZVpSF7+Bf+c11HUrCb/yg==}

  chalk@5.6.2:
    resolution: {integrity: sha512-7NzBL0rN6fMUW+f7A6Io4h40qQlG+xGmtMxfbnH/K7TAtt8JQWVQK+6g0UXKMeVJoyV5EkkNsErQ8pVD3bLHbA==}
    engines: {node: ^12.17.0 || ^14.13 || >=16.0.0}

  commander@11.1.0:
    resolution: {integrity: sha512-yPVavfyCcRhmorC7rWlkHn15b4wDVgVmBA7kV4QVBsF7kv/9TKJAbAXVTxvTnwP8HHKjRCJDClKbciiYS7p0DQ==}
    engines: {node: '>=16'}

  mcp-handler@2.1.1:
    resolution: {integrity: sha512-D/PAwxF9TexmixJY+FZMgYq9SSbGm3vtcUjwUHZ8tYYuOtGT3/KgAKBjO3UJZoXgW8nHDtv8ySOICMEZPD0b/Q==}
    engines: {node: '>=20'}
    hasBin: true
    peerDependencies:
      '@modelcontextprotocol/server': ^2.0.0
      next: '>=13.0.0'
    peerDependenciesMeta:
      next:
        optional: true

  typescript@5.9.3:
    resolution: {integrity: sha512-jl1vZzPDinLr9eUt3J/t7V6FgNEw9QjvBPdysz9KfQDD41fQrC2Y4vKQdiaUpFT4bXlb1RHhLpp8wtm6M5TgSw==}
    engines: {node: '>=14.17'}
    hasBin: true

  undici-types@7.18.2:
    resolution: {integrity: sha512-AsuCzffGHJybSaRrmr5eHr81mwJU3kjw6M+uprWvCXiNeN9SOGwQ3Jn8jb8m3Z6izVgknn1R0FTCEAP2QrLY/w==}

  zod@4.6.5:
    resolution: {integrity: sha512-v5l/aFXZQeai4awLbOpSoHecE9UiMrnfx75tEXLjNonXVARxQ5mOeipTjROUchszUNCqnE+hqAMujRsRHsut2Q==}

snapshots:

  '@modelcontextprotocol/core@2.0.0':
    dependencies:
      zod: 4.6.5

  '@modelcontextprotocol/server@2.0.0':
    dependencies:
      '@modelcontextprotocol/core': 2.0.0
      zod: 4.6.5

  '@types/node@24.13.6':
    dependencies:
      undici-types: 7.18.2

  chalk@5.6.2: {}

  commander@11.1.0: {}

  mcp-handler@2.1.1(@modelcontextprotocol/server@2.0.0):
    dependencies:
      '@modelcontextprotocol/server': 2.0.0
      chalk: 5.6.2
      commander: 11.1.0

  typescript@5.9.3: {}

  undici-types@7.18.2: {}

  zod@4.6.5: {}
